Microsoft Visual Studio Solution File, Format Version 11.00
# Visual Studio 2008

Project("{2DDABC33-A610-0CEB-5311-697534035D8D}") = "Beginner", "Assembly-CSharp.csproj", "{619B4486-6007-F043-A5D6-07D719D43F1D}"
EndProject
Global
	GlobalSection(SolutionConfigurationPlatforms) = preSolution
		Debug|Any CPU = Debug|Any CPU
		Release|Any CPU = Release|Any CPU
	EndGlobalSection
	GlobalSection(ProjectConfigurationPlatforms) = postSolution
		{619B4486-6007-F043-A5D6-07D719D43F1D}.Debug|Any CPU.ActiveCfg = Debug|Any CPU
		{619B4486-6007-F043-A5D6-07D719D43F1D}.Debug|Any CPU.Build.0 = Debug|Any CPU
		{619B4486-6007-F043-A5D6-07D719D43F1D}.Release|Any CPU.ActiveCfg = Release|Any CPU
		{619B4486-6007-F043-A5D6-07D719D43F1D}.Release|Any CPU.Build.0 = Release|Any CPU
	EndGlobalSection
	GlobalSection(SolutionProperties) = preSolution
		HideSolutionNode = FALSE
	EndGlobalSection
											GlobalSection(MonoDevelopProperties) = preSolution
		StartupItem = Assembly-CSharp.csproj
		Policies = $0
		$0.TextStylePolicy = $1
		$1.inheritsSet = null
		$1.scope = text/x-csharp
		$0.CSharpFormattingPolicy = $2
		$2.inheritsSet = Mono
		$2.inheritsScope = text/x-csharp
		$2.scope = text/x-csharp
		$0.TextStylePolicy = $3
		$3.FileWidth = 120
		$3.TabWidth = 4
		$3.IndentWidth = 4
		$3.EolMarker = Unix
		$3.inheritsSet = Mono
		$3.inheritsScope = text/plain
		$3.scope = text/plain
	EndGlobalSection

EndGlobal
